
Microsoft Visual Studio Solution File, Format Version 12.00
# Visual Studio 15
VisualStudioVersion = 15.0.27428.2027
MinimumVisualStudioVersion = 10.0.40219.1
Project("{FAE04EC0-301F-11D3-BF4B-00C04F79EFBC}") = "TADSProject", "TADSProject\TADSProject.csproj", "{4533D663-82E5-474C-B009-0753C4F84C9B}"
EndProject
Project("{FAE04EC0-301F-11D3-BF4B-00C04F79EFBC}") = "TADSBLL", "TADSBLL\TADSBLL.csproj", "{228674A2-2DF4-446E-9095-DBB69F2F47B6}"
EndProject
Project("{FAE04EC0-301F-11D3-BF4B-00C04F79EFBC}") = "TADSDAL", "TADSDAL\TADSDAL.csproj", "{FB0480A1-866F-4275-873C-8A3D9E95DEE2}"
EndProject
Global
	GlobalSection(SolutionConfigurationPlatforms) = preSolution
		Debug|Any CPU = Debug|Any CPU
		Release|Any CPU = Release|Any CPU
	EndGlobalSection
	GlobalSection(ProjectConfigurationPlatforms) = postSolution
		{4533D663-82E5-474C-B009-0753C4F84C9B}.Debug|Any CPU.ActiveCfg = Debug|Any CPU
		{4533D663-82E5-474C-B009-0753C4F84C9B}.Debug|Any CPU.Build.0 = Debug|Any CPU
		{4533D663-82E5-474C-B009-0753C4F84C9B}.Release|Any CPU.ActiveCfg = Release|Any CPU
		{4533D663-82E5-474C-B009-0753C4F84C9B}.Release|Any CPU.Build.0 = Release|Any CPU
		{228674A2-2DF4-446E-9095-DBB69F2F47B6}.Debug|Any CPU.ActiveCfg = Debug|Any CPU
		{228674A2-2DF4-446E-9095-DBB69F2F47B6}.Debug|Any CPU.Build.0 = Debug|Any CPU
		{228674A2-2DF4-446E-9095-DBB69F2F47B6}.Release|Any CPU.ActiveCfg = Release|Any CPU
		{228674A2-2DF4-446E-9095-DBB69F2F47B6}.Release|Any CPU.Build.0 = Release|Any CPU
		{FB0480A1-866F-4275-873C-8A3D9E95DEE2}.Debug|Any CPU.ActiveCfg = Debug|Any CPU
		{FB0480A1-866F-4275-873C-8A3D9E95DEE2}.Debug|Any CPU.Build.0 = Debug|Any CPU
		{FB0480A1-866F-4275-873C-8A3D9E95DEE2}.Release|Any CPU.ActiveCfg = Release|Any CPU
		{FB0480A1-866F-4275-873C-8A3D9E95DEE2}.Release|Any CPU.Build.0 = Release|Any CPU
	EndGlobalSection
	GlobalSection(SolutionProperties) = preSolution
		HideSolutionNode = FALSE
	EndGlobalSection
	GlobalSection(ExtensibilityGlobals) = postSolution
		SolutionGuid = {612571FE-BF6E-4868-9D04-279A39C14DCF}
	EndGlobalSection
EndGlobal
